<?xml version="1.0" encoding="utf-8"?>
<Project ToolsVersion="4.0" xmlns="http://schemas.microsoft.com/developer/msbuild/2003">
  <ItemGroup>
    <Filter Include="Source Files">
      <UniqueIdentifier>{4FC737F1-C7A5-4376-A066-2A32D752A2FF}</UniqueIdentifier>
      <Extensions>cpp;c;cc;cxx;c++;cppm;ixx;def;odl;idl;hpj;bat;asm;asmx</Extensions>
    </Filter>
    <Filter Include="Header Files">
      <UniqueIdentifier>{93995380-89BD-4b04-88EB-625FBE52EBFB}</UniqueIdentifier>
      <Extensions>h;hh;hpp;hxx;h++;hm;inl;inc;ipp;xsd</Extensions>
    </Filter>
    <Filter Include="Resource Files">
      <UniqueIdentifier>{67DA6AB6-F800-4c08-8B7A-83BB121AAD01}</UniqueIdentifier>
      <Extensions>rc;ico;cur;bmp;dlg;rc2;rct;bin;rgs;gif;jpg;jpeg;jpe;resx;tiff;tif;png;wav;mfcribbon-ms</Extensions>
    </Filter>
    <Filter Include="Header Files\Base">
      <UniqueIdentifier>{f2fcc6d0-25e5-43ac-a0d2-0132c0c3028e}</UniqueIdentifier>
    </Filter>
    <Filter Include="Source Files\Base">
      <UniqueIdentifier>{40041b9e-a1bc-4503-b253-ec5770261898}</UniqueIdentifier>
    </Filter>
    <Filter Include="Header Files\Managers">
      <UniqueIdentifier>{7332f8ce-9f26-44aa-8303-294193dd1b03}</UniqueIdentifier>
    </Filter>
    <Filter Include="Source Files\Managers">
      <UniqueIdentifier>{9eff11ac-efde-4db8-8cd2-a63d82892ac7}</UniqueIdentifier>
    </Filter>
    <Filter Include="Header Files\Game">
      <UniqueIdentifier>{6aca0d92-f201-44ec-af9b-202c2de0c82f}</UniqueIdentifier>
    </Filter>
    <Filter Include="Source Files\Game">
      <UniqueIdentifier>{687f23ac-1690-4d3d-ad07-d5de7dce17f5}</UniqueIdentifier>
    </Filter>
    <Filter Include="Header Files\Screens">
      <UniqueIdentifier>{61f47427-c858-4d61-98f9-fb8ea84a1181}</UniqueIdentifier>
    </Filter>
    <Filter Include="Source Files\Screens">
      <UniqueIdentifier>{a3b5d8b9-281e-406a-9eef-6f494931c6fa}</UniqueIdentifier>
    </Filter>
    <Filter Include="Header Files\AI">
      <UniqueIdentifier>{0625c27a-cefd-4cc4-a7d5-28dd282ef09d}</UniqueIdentifier>
    </Filter>
    <Filter Include="Source Files\AI">
      <UniqueIdentifier>{18eeedcb-ccec-40c2-a121-e67676bdd015}</UniqueIdentifier>
    </Filter>
  </ItemGroup>
  <ItemGroup>
    <ClCompile Include="..\src\Drawable.cpp">
      <Filter>Source Files\Base</Filter>
    </ClCompile>
    <ClCompile Include="..\src\Globals.cpp">
      <Filter>Source Files\Base</Filter>
    </ClCompile>
    <ClCompile Include="..\main.cpp">
      <Filter>Source Files\Base</Filter>
    </ClCompile>
    <ClCompile Include="..\src\World.cpp">
      <Filter>Source Files\Base</Filter>
    </ClCompile>
    <ClCompile Include="..\src\ConfigManager.cpp">
      <Filter>Source Files\Managers</Filter>
    </ClCompile>
    <ClCompile Include="..\src\Presenter.cpp">
      <Filter>Source Files\Managers</Filter>
    </ClCompile>
    <ClCompile Include="..\src\InputManager.cpp">
      <Filter>Source Files\Managers</Filter>
    </ClCompile>
    <ClCompile Include="..\src\Tile.cpp">
      <Filter>Source Files\Game</Filter>
    </ClCompile>
    <ClCompile Include="..\src\Grid.cpp">
      <Filter>Source Files\Game</Filter>
    </ClCompile>
    <ClCompile Include="..\src\Queen.cpp">
      <Filter>Source Files\Game</Filter>
    </ClCompile>
    <ClCompile Include="..\src\TitleScreen.cpp">
      <Filter>Source Files\Screens</Filter>
    </ClCompile>
    <ClCompile Include="..\src\Menu.cpp">
      <Filter>Source Files\Screens</Filter>
    </ClCompile>
    <ClCompile Include="..\src\EndScreen.cpp">
      <Filter>Source Files\Screens</Filter>
    </ClCompile>
    <ClCompile Include="..\src\AI.cpp">
      <Filter>Source Files\AI</Filter>
    </ClCompile>
    <ClCompile Include="..\src\Slider.cpp">
      <Filter>Source Files\Screens</Filter>
    </ClCompile>
    <ClCompile Include="..\src\OptionsScreen.cpp">
      <Filter>Source Files\Screens</Filter>
    </ClCompile>
  </ItemGroup>
  <ItemGroup>
    <ClInclude Include="..\include\World.h">
      <Filter>Header Files\Base</Filter>
    </ClInclude>
    <ClInclude Include="..\include\Drawable.h">
      <Filter>Header Files\Base</Filter>
    </ClInclude>
    <ClInclude Include="..\include\Globals.h">
      <Filter>Header Files\Base</Filter>
    </ClInclude>
    <ClInclude Include="..\include\ConfigManager.h">
      <Filter>Header Files\Managers</Filter>
    </ClInclude>
    <ClInclude Include="..\include\Presenter.h">
      <Filter>Header Files\Managers</Filter>
    </ClInclude>
    <ClInclude Include="..\include\InputManager.h">
      <Filter>Header Files\Managers</Filter>
    </ClInclude>
    <ClInclude Include="..\include\Grid.h">
      <Filter>Header Files\Game</Filter>
    </ClInclude>
    <ClInclude Include="..\include\Queen.h">
      <Filter>Header Files\Game</Filter>
    </ClInclude>
    <ClInclude Include="..\include\Tile.h">
      <Filter>Header Files\Game</Filter>
    </ClInclude>
    <ClInclude Include="..\include\TitleScreen.h">
      <Filter>Header Files\Screens</Filter>
    </ClInclude>
    <ClInclude Include="..\include\Menu.h">
      <Filter>Header Files\Screens</Filter>
    </ClInclude>
    <ClInclude Include="..\include\EndScreen.h">
      <Filter>Header Files\Screens</Filter>
    </ClInclude>
    <ClInclude Include="..\include\AI.h">
      <Filter>Header Files\AI</Filter>
    </ClInclude>
    <ClInclude Include="..\include\Slider.h">
      <Filter>Header Files\Screens</Filter>
    </ClInclude>
    <ClInclude Include="..\include\OptionsScreen.h">
      <Filter>Header Files\Screens</Filter>
    </ClInclude>
  </ItemGroup>
</Project>